// !$*UTF8*$!
{
	archiveVersion = 1;
	classes = {
	};
	objectVersion = 48;
	objects = {

/* Begin PBXBuildFile section */
		C76FDB421FBFE7EC0027D215 /* AppDelegate.swift in Sources */ = {isa = PBXBuildFile; fileRef = C76FDB411FBFE7EC0027D215 /* AppDelegate.swift */; };
		C76FDB471FBFE7EC0027D215 /* Main.storyboard in Resources */ = {isa = PBXBuildFile; fileRef = C76FDB451FBFE7EC0027D215 /* Main.storyboard */; };
		C76FDB491FBFE7EC0027D215 /* Assets.xcassets in Resources */ = {isa = PBXBuildFile; fileRef = C76FDB481FBFE7EC0027D215 /* Assets.xcassets */; };
		C76FDB4C1FBFE7EC0027D215 /* LaunchScreen.storyboard in Resources */ = {isa = PBXBuildFile; fileRef = C76FDB4A1FBFE7EC0027D215 /* LaunchScreen.storyboard */; };
		C76FDB551FBFF2090027D215 /* MoviesViewController.swift in Sources */ = {isa = PBXBuildFile; fileRef = C76FDB541FBFF2090027D215 /* MoviesViewController.swift */; };
		C76FDB571FBFF23F0027D215 /* Movie.swift in Sources */ = {isa = PBXBuildFile; fileRef = C76FDB561FBFF23F0027D215 /* Movie.swift */; };
		C76FDB5B1FBFFE9C0027D215 /* MovieClient.swift in Sources */ = {isa = PBXBuildFile; fileRef = C76FDB5A1FBFFE9C0027D215 /* MovieClient.swift */; };
		C76FDB5D1FC009B30027D215 /* MovieCell.swift in Sources */ = {isa = PBXBuildFile; fileRef = C76FDB5C1FC009B30027D215 /* MovieCell.swift */; };
		C76FDB5F1FC0111D0027D215 /* MovieResponse.swift in Sources */ = {isa = PBXBuildFile; fileRef = C76FDB5E1FC0111D0027D215 /* MovieResponse.swift */; };
		C76FDB611FC015D80027D215 /* Helper.swift in Sources */ = {isa = PBXBuildFile; fileRef = C76FDB601FC015D80027D215 /* Helper.swift */; };
/* End PBXBuildFile section */

/* Begin PBXFileReference section */
		C76FDB3E1FBFE7EC0027D215 /* Flicker.app */ = {isa = PBXFileReference; explicitFileType = wrapper.application; includeInIndex = 0; path = Flicker.app; sourceTree = BUILT_PRODUCTS_DIR; };
		C76FDB411FBFE7EC0027D215 /* AppDelegate.swift */ = {isa = PBXFileReference; lastKnownFileType = sourcecode.swift; path = AppDelegate.swift; sourceTree = "<group>"; };
		C76FDB461FBFE7EC0027D215 /* Base */ = {isa = PBXFileReference; lastKnownFileType = file.storyboard; name = Base; path = Base.lproj/Main.storyboard; sourceTree = "<group>"; };
		C76FDB481FBFE7EC0027D215 /* Assets.xcassets */ = {isa = PBXFileReference; lastKnownFileType = folder.assetcatalog; path = Assets.xcassets; sourceTree = "<group>"; };
		C76FDB4B1FBFE7EC0027D215 /* Base */ = {isa = PBXFileReference; lastKnownFileType = file.storyboard; name = Base; path = Base.lproj/LaunchScreen.storyboard; sourceTree = "<group>"; };
		C76FDB4D1FBFE7EC0027D215 /* Info.plist */ = {isa = PBXFileReference; lastKnownFileType = text.plist.xml; path = Info.plist; sourceTree = "<group>"; };
		C76FDB541FBFF2090027D215 /* MoviesViewController.swift */ = {isa = PBXFileReference; lastKnownFileType = sourcecode.swift; path = MoviesViewController.swift; sourceTree = "<group>"; };
		C76FDB561FBFF23F0027D215 /* Movie.swift */ = {isa = PBXFileReference; lastKnownFileType = sourcecode.swift; path = Movie.swift; sourceTree = "<group>"; };
		C76FDB5A1FBFFE9C0027D215 /* MovieClient.swift */ = {isa = PBXFileReference; lastKnownFileType = sourcecode.swift; path = MovieClient.swift; sourceTree = "<group>"; };
		C76FDB5C1FC009B30027D215 /* MovieCell.swift */ = {isa = PBXFileReference; lastKnownFileType = sourcecode.swift; path = MovieCell.swift; sourceTree = "<group>"; };
		C76FDB5E1FC0111D0027D215 /* MovieResponse.swift */ = {isa = PBXFileReference; lastKnownFileType = sourcecode.swift; path = MovieResponse.swift; sourceTree = "<group>"; };
		C76FDB601FC015D80027D215 /* Helper.swift */ = {isa = PBXFileReference; lastKnownFileType = sourcecode.swift; path = Helper.swift; sourceTree = "<group>"; };
/* End PBXFileReference section */

/* Begin PBXFrameworksBuildPhase section */
		C76FDB3B1FBFE7EC0027D215 /* Frameworks */ = {
			isa = PBXFrameworksBuildPhase;
			buildActionMask = 2147483647;
			files = (
			);
			runOnlyForDeploymentPostprocessing = 0;
		};
/* End PBXFrameworksBuildPhase section */

/* Begin PBXGroup section */
		C76FDB351FBFE7EC0027D215 = {
			isa = PBXGroup;
			children = (
				C76FDB401FBFE7EC0027D215 /* Flicker */,
				C76FDB3F1FBFE7EC0027D215 /* Products */,
			);
			sourceTree = "<group>";
		};
		C76FDB3F1FBFE7EC0027D215 /* Products */ = {
			isa = PBXGroup;
			children = (
				C76FDB3E1FBFE7EC0027D215 /* Flicker.app */,
			);
			name = Products;
			sourceTree = "<group>";
		};
		C76FDB401FBFE7EC0027D215 /* Flicker */ = {
			isa = PBXGroup;
			children = (
				C76FDB411FBFE7EC0027D215 /* AppDelegate.swift */,
				C76FDB451FBFE7EC0027D215 /* Main.storyboard */,
				C76FDB481FBFE7EC0027D215 /* Assets.xcassets */,
				C76FDB4A1FBFE7EC0027D215 /* LaunchScreen.storyboard */,
				C76FDB4D1FBFE7EC0027D215 /* Info.plist */,
				C76FDB541FBFF2090027D215 /* MoviesViewController.swift */,
				C76FDB561FBFF23F0027D215 /* Movie.swift */,
				C76FDB5A1FBFFE9C0027D215 /* MovieClient.swift */,
				C76FDB5C1FC009B30027D215 /* MovieCell.swift */,
				C76FDB5E1FC0111D0027D215 /* MovieResponse.swift */,
				C76FDB601FC015D80027D215 /* Helper.swift */,
			);
			path = Flicker;
			sourceTree = "<group>";
		};
/* End PBXGroup section */

/* Begin PBXNativeTarget section */
		C76FDB3D1FBFE7EC0027D215 /* Flicker */ = {
			isa = PBXNativeTarget;
			buildConfigurationList = C76FDB501FBFE7EC0027D215 /* Build configuration list for PBXNativeTarget "Flicker" */;
			buildPhases = (
				C76FDB3A1FBFE7EC0027D215 /* Sources */,
				C76FDB3B1FBFE7EC0027D215 /* Frameworks */,
				C76FDB3C1FBFE7EC0027D215 /* Resources */,
			);
			buildRules = (
			);
			dependencies = (
			);
			name = Flicker;
			productName = Flicker;
			productReference = C76FDB3E1FBFE7EC0027D215 /* Flicker.app */;
			productType = "com.apple.product-type.application";
		};
/* End PBXNativeTarget section */

/* Begin PBXProject section */
		C76FDB361FBFE7EC0027D215 /* Project object */ = {
			isa = PBXProject;
			attributes = {
				LastSwiftUpdateCheck = 0910;
				LastUpgradeCheck = 0910;
				ORGANIZATIONNAME = "Siraj Zaneer";
				TargetAttributes = {
					C76FDB3D1FBFE7EC0027D215 = {
						CreatedOnToolsVersion = 9.1;
						ProvisioningStyle = Automatic;
					};
				};
			};
			buildConfigurationList = C76FDB391FBFE7EC0027D215 /* Build configuration list for PBXProject "Flicker" */;
			compatibilityVersion = "Xcode 8.0";
			developmentRegion = en;
			hasScannedForEncodings = 0;
			knownRegions = (
				en,
				Base,
			);
			mainGroup = C76FDB351FBFE7EC0027D215;
			productRefGroup = C76FDB3F1FBFE7EC0027D215 /* Products */;
			projectDirPath = "";
			projectRoot = "";
			targets = (
				C76FDB3D1FBFE7EC0027D215 /* Flicker */,
			);
		};
/* End PBXProject section */

/* Begin PBXResourcesBuildPhase section */
		C76FDB3C1FBFE7EC0027D215 /* Resources */ = {
			isa = PBXResourcesBuildPhase;
			buildActionMask = 2147483647;
			files = (
				C76FDB4C1FBFE7EC0027D215 /* LaunchScreen.storyboard in Resources */,
				C76FDB491FBFE7EC0027D215 /* Assets.xcassets in Resources */,
				C76FDB471FBFE7EC0027D215 /* Main.storyboard in Resources */,
			);
			runOnlyForDeploymentPostprocessing = 0;
		};
/* End PBXResourcesBuildPhase section */

/* Begin PBXSourcesBuildPhase section */
		C76FDB3A1FBFE7EC0027D215 /* Sources */ = {
			isa = PBXSourcesBuildPhase;
			buildActionMask = 2147483647;
			files = (
				C76FDB421FBFE7EC0027D215 /* AppDelegate.swift in Sources */,
				C76FDB611FC015D80027D215 /* Helper.swift in Sources */,
				C76FDB551FBFF2090027D215 /* MoviesViewController.swift in Sources */,
				C76FDB571FBFF23F0027D215 /* Movie.swift in Sources */,
				C76FDB5F1FC0111D0027D215 /* MovieResponse.swift in Sources */,
				C76FDB5D1FC009B30027D215 /* MovieCell.swift in Sources */,
				C76FDB5B1FBFFE9C0027D215 /* MovieClient.swift in Sources */,
			);
			runOnlyForDeploymentPostprocessing = 0;
		};
/* End PBXSourcesBuildPhase section */

/* Begin PBXVariantGroup section */
		C76FDB451FBFE7EC0027D215 /* Main.storyboard */ = {
			isa = PBXVariantGroup;
			children = (
				C76FDB461FBFE7EC0027D215 /* Base */,
			);
			name = Main.storyboard;
			sourceTree = "<group>";
		};
		C76FDB4A1FBFE7EC0027D215 /* LaunchScreen.storyboard */ = {
			isa = PBXVariantGroup;
			children = (
				C76FDB4B1FBFE7EC0027D215 /* Base */,
			);
			name = LaunchScreen.storyboard;
			sourceTree = "<group>";
		};
/* End PBXVariantGroup section */

/* Begin XCBuildConfiguration section */
		C76FDB4E1FBFE7EC0027D215 /* Debug */ = {
			isa = XCBuildConfiguration;
			buildSettings = {
				ALWAYS_SEARCH_USER_PATHS = NO;
				CLANG_ANALYZER_NONNULL = YES;
				CLANG_ANALYZER_NUMBER_OBJECT_CONVERSION = YES_AGGRESSIVE;
				CLANG_CXX_LANGUAGE_STANDARD = "gnu++14";
				CLANG_CXX_LIBRARY = "libc++";
				CLANG_ENABLE_MODULES = YES;
				CLANG_ENABLE_OBJC_ARC = YES;
				CLANG_WARN_BLOCK_CAPTURE_AUTORELEASING = YES;
				CLANG_WARN_BOOL_CONVERSION = YES;
				CLANG_WARN_COMMA = YES;
				CLANG_WARN_CONSTANT_CONVERSION = YES;
				CLANG_WARN_DIRECT_OBJC_ISA_USAGE = YES_ERROR;
				CLANG_WARN_DOCUMENTATION_COMMENTS = YES;
				CLANG_WARN_EMPTY_BODY = YES;
				CLANG_WARN_ENUM_CONVERSION = YES;
				CLANG_WARN_INFINITE_RECURSION = YES;
				CLANG_WARN_INT_CONVERSION = YES;
				CLANG_WARN_NON_LITERAL_NULL_CONVERSION = YES;
				CLANG_WARN_OBJC_LITERAL_CONVERSION = YES;
				CLANG_WARN_OBJC_ROOT_CLASS = YES_ERROR;
				CLANG_WARN_RANGE_LOOP_ANALYSIS = YES;
				CLANG_WARN_STRICT_PROTOTYPES = YES;
				CLANG_WARN_SUSPICIOUS_MOVE = YES;
				CLANG_WARN_UNGUARDED_AVAILABILITY = YES_AGGRESSIVE;
				CLANG_WARN_UNREACHABLE_CODE = YES;
				CLANG_WARN__DUPLICATE_METHOD_MATCH = YES;
				CODE_SIGN_IDENTITY = "iPhone Developer";
				COPY_PHASE_STRIP = NO;
				DEBUG_INFORMATION_FORMAT = dwarf;
				ENABLE_STRICT_OBJC_MSGSEND = YES;
				ENABLE_TESTABILITY = YES;
				GCC_C_LANGUAGE_STANDARD = gnu11;
				GCC_DYNAMIC_NO_PIC = NO;
				GCC_NO_COMMON_BLOCKS = YES;
				GCC_OPTIMIZATION_LEVEL = 0;
				GCC_PREPROCESSOR_DEFINITIONS = (
					"DEBUG=1",
					"$(inherited)",
				);
				GCC_WARN_64_TO_32_BIT_CONVERSION = YES;
				GCC_WARN_ABOUT_RETURN_TYPE = YES_ERROR;
				GCC_WARN_UNDECLARED_SELECTOR = YES;
				GCC_WARN_UNINITIALIZED_AUTOS = YES_AGGRESSIVE;
				GCC_WARN_UNUSED_FUNCTION = YES;
				GCC_WARN_UNUSED_VARIABLE = YES;
				IPHONEOS_DEPLOYMENT_TARGET = 11.1;
				MTL_ENABLE_DEBUG_INFO = YES;
				ONLY_ACTIVE_ARCH = YES;
				SDKROOT = iphoneos;
				SWIFT_ACTIVE_COMPILATION_CONDITIONS = DEBUG;
				SWIFT_OPTIMIZATION_LEVEL = "-Onone";
			};
			name = Debug;
		};
		C76FDB4F1FBFE7EC0027D215 /* Release */ = {
			isa = XCBuildConfiguration;
			buildSettings = {
				ALWAYS_SEARCH_USER_PATHS = NO;
				CLANG_ANALYZER_NONNULL = YES;
				CLANG_ANALYZER_NUMBER_OBJECT_CONVERSION = YES_AGGRESSIVE;
				CLANG_CXX_LANGUAGE_STANDARD = "gnu++14";
				CLANG_CXX_LIBRARY = "libc++";
				CLANG_ENABLE_MODULES = YES;
				CLANG_ENABLE_OBJC_ARC = YES;
				CLANG_WARN_BLOCK_CAPTURE_AUTORELEASING = YES;
				CLANG_WARN_BOOL_CONVERSION = YES;
				CLANG_WARN_COMMA = YES;
				CLANG_WARN_CONSTANT_CONVERSION = YES;
				CLANG_WARN_DIRECT_OBJC_ISA_USAGE = YES_ERROR;
				CLANG_WARN_DOCUMENTATION_COMMENTS = YES;
				CLANG_WARN_EMPTY_BODY = YES;
				CLANG_WARN_ENUM_CONVERSION = YES;
				CLANG_WARN_INFINITE_RECURSION = YES;
				CLANG_WARN_INT_CONVERSION = YES;
				CLANG_WARN_NON_LITERAL_NULL_CONVERSION = YES;
				CLANG_WARN_OBJC_LITERAL_CONVERSION = YES;
				CLANG_WARN_OBJC_ROOT_CLASS = YES_ERROR;
				CLANG_WARN_RANGE_LOOP_ANALYSIS = YES;
				CLANG_WARN_STRICT_PROTOTYPES = YES;
				CLANG_WARN_SUSPICIOUS_MOVE = YES;
				CLANG_WARN_UNGUARDED_AVAILABILITY = YES_AGGRESSIVE;
				CLANG_WARN_UNREACHABLE_CODE = YES;
				CLANG_WARN__DUPLICATE_METHOD_MATCH = YES;
				CODE_SIGN_IDENTITY = "iPhone Developer";
				COPY_PHASE_STRIP = NO;
				DEBUG_INFORMATION_FORMAT = "dwarf-with-dsym";
				ENABLE_NS_ASSERTIONS = NO;
				ENABLE_STRICT_OBJC_MSGSEND = YES;
				GCC_C_LANGUAGE_STANDARD = gnu11;
				GCC_NO_COMMON_BLOCKS = YES;
				GCC_WARN_64_TO_32_BIT_CONVERSION = YES;
				GCC_WARN_ABOUT_RETURN_TYPE = YES_ERROR;
				GCC_WARN_UNDECLARED_SELECTOR = YES;
				GCC_WARN_UNINITIALIZED_AUTOS = YES_AGGRESSIVE;
				GCC_WARN_UNUSED_FUNCTION = YES;
				GCC_WARN_UNUSED_VARIABLE = YES;
				IPHONEOS_DEPLOYMENT_TARGET = 11.1;
				MTL_ENABLE_DEBUG_INFO = NO;
				SDKROOT = iphoneos;
				SWIFT_OPTIMIZATION_LEVEL = "-Owholemodule";
				VALIDATE_PRODUCT = YES;
			};
			name = Release;
		};
		C76FDB511FBFE7EC0027D215 /* Debug */ = {
			isa = XCBuildConfiguration;
			buildSettings = {
				ASSETCATALOG_COMPILER_APPICON_NAME = AppIcon;
				CODE_SIGN_STYLE = Automatic;
				DEVELOPMENT_TEAM = 3YC9K4952Y;
				INFOPLIST_FILE = Flicker/Info.plist;
				LD_RUNPATH_SEARCH_PATHS = "$(inherited) @executable_path/Frameworks";
				PRODUCT_BUNDLE_IDENTIFIER = com.sirajzaneer.Flicker;
				PRODUCT_NAME = "$(TARGET_NAME)";
				SWIFT_VERSION = 4.0;
				TARGETED_DEVICE_FAMILY = "1,2";
			};
			name = Debug;
		};
		C76FDB521FBFE7EC0027D215 /* Release */ = {
			isa = XCBuildConfiguration;
			buildSettings = {
				ASSETCATALOG_COMPILER_APPICON_NAME = AppIcon;
				CODE_SIGN_STYLE = Automatic;
				DEVELOPMENT_TEAM = 3YC9K4952Y;
				INFOPLIST_FILE = Flicker/Info.plist;
				LD_RUNPATH_SEARCH_PATHS = "$(inherited) @executable_path/Frameworks";
				PRODUCT_BUNDLE_IDENTIFIER = com.sirajzaneer.Flicker;
				PRODUCT_NAME = "$(TARGET_NAME)";
				SWIFT_VERSION = 4.0;
				TARGETED_DEVICE_FAMILY = "1,2";
			};
			name = Release;
		};
/* End XCBuildConfiguration section */

/* Begin XCConfigurationList section */
		C76FDB391FBFE7EC0027D215 /* Build configuration list for PBXProject "Flicker" */ = {
			isa = XCConfigurationList;
			buildConfigurations = (
				C76FDB4E1FBFE7EC0027D215 /* Debug */,
				C76FDB4F1FBFE7EC0027D215 /* Release */,
			);
			defaultConfigurationIsVisible = 0;
			defaultConfigurationName = Release;
		};
		C76FDB501FBFE7EC0027D215 /* Build configuration list for PBXNativeTarget "Flicker" */ = {
			isa = XCConfigurationList;
			buildConfigurations = (
				C76FDB511FBFE7EC0027D215 /* Debug */,
				C76FDB521FBFE7EC0027D215 /* Release */,
			);
			defaultConfigurationIsVisible = 0;
			defaultConfigurationName = Release;
		};
/* End XCConfigurationList section */
	};
	rootObject = C76FDB361FBFE7EC0027D215 /* Project object */;
}
